
Microsoft Visual Studio Solution File, Format Version 12.00
# Visual Studio Version 16
VisualStudioVersion = 16.0.31402.337
MinimumVisualStudioVersion = 10.0.40219.1
Project("{FAE04EC0-301F-11D3-BF4B-00C04F79EFBC}") = "BMI", "BMI.csproj", "{AC77E084-1BE5-44EB-8A65-5415B45088BA}"
EndProject
Global
	GlobalSection(SolutionConfigurationPlatforms) = preSolution
		Debug|Any CPU = Debug|Any CPU
		Release|Any CPU = Release|Any CPU
	EndGlobalSection
	GlobalSection(ProjectConfigurationPlatforms) = postSolution
		{AC77E084-1BE5-44EB-8A65-5415B45088BA}.Debug|Any CPU.ActiveCfg = Debug|Any CPU
		{AC77E084-1BE5-44EB-8A65-5415B45088BA}.Debug|Any CPU.Build.0 = Debug|Any CPU
		{AC77E084-1BE5-44EB-8A65-5415B45088BA}.Release|Any CPU.ActiveCfg = Release|Any CPU
		{AC77E084-1BE5-44EB-8A65-5415B45088BA}.Release|Any CPU.Build.0 = Release|Any CPU
	EndGlobalSection
	GlobalSection(SolutionProperties) = preSolution
		HideSolutionNode = FALSE
	EndGlobalSection
	GlobalSection(ExtensibilityGlobals) = postSolution
		SolutionGuid = {5314300E-1505-423B-A554-67773B189414}
	EndGlobalSection
EndGlobal
